{
  "nodes": {
    "nixpkgs": {
      "locked": {
        "lastModified": 1599476815,
        "narHash": "sha256-U+D5lLRB0TalwExyHT4ubWR5hXgYLhEBytKpFeu1SRQ=",
        "owner": "NixOS",
        "repo": "nixpkgs",
        "rev": "4bd1938e03e1caa49a6da1ec8cff802348458f05",
        "type": "github"
      },
      "original": {
        "owner": "NixOS",
        "ref": "nixos-20.03",
        "repo": "nixpkgs",
        "type": "github"
      }
    },
    "root": {
      "inputs": {
        "nixpkgs": "nixpkgs"
      }
    }
  },
  "root": "root",
  "version": 7
}
